
Microsoft Visual Studio Solution File, Format Version 12.00
# Visual Studio Version 17
VisualStudioVersion = 17.10.35122.118
MinimumVisualStudioVersion = 10.0.40219.1
Project("{FAE04EC0-301F-11D3-BF4B-00C04F79EFBC}") = "SapperMini", "SapperMini\SapperMini.csproj", "{0E22C828-E6C6-4000-8ADD-D7FED7E4E70D}"
EndProject
Global
	GlobalSection(SolutionConfigurationPlatforms) = preSolution
		Debug|Any CPU = Debug|Any CPU
		Release|Any CPU = Release|Any CPU
	EndGlobalSection
	GlobalSection(ProjectConfigurationPlatforms) = postSolution
		{0E22C828-E6C6-4000-8ADD-D7FED7E4E70D}.Debug|Any CPU.ActiveCfg = Debug|Any CPU
		{0E22C828-E6C6-4000-8ADD-D7FED7E4E70D}.Debug|Any CPU.Build.0 = Debug|Any CPU
		{0E22C828-E6C6-4000-8ADD-D7FED7E4E70D}.Release|Any CPU.ActiveCfg = Release|Any CPU
		{0E22C828-E6C6-4000-8ADD-D7FED7E4E70D}.Release|Any CPU.Build.0 = Release|Any CPU
	EndGlobalSection
	GlobalSection(SolutionProperties) = preSolution
		HideSolutionNode = FALSE
	EndGlobalSection
	GlobalSection(ExtensibilityGlobals) = postSolution
		SolutionGuid = {1EB703B5-D72B-400B-BB6E-462D5D2DEA1C}
	EndGlobalSection
EndGlobal
